
Microsoft Visual Studio Solution File, Format Version 12.00
# Visual Studio Version 16
VisualStudioVersion = 16.0.30105.148
MinimumVisualStudioVersion = 10.0.40219.1
Project("{FAE04EC0-301F-11D3-BF4B-00C04F79EFBC}") = "ListasDemo.UWP", "ListasDemo\ListasDemo.UWP\ListasDemo.UWP.csproj", "{A832A4A6-6564-485D-BEFF-BB181C8DC246}"
EndProject
Project("{FAE04EC0-301F-11D3-BF4B-00C04F79EFBC}") = "ListasDemo.Android", "ListasDemo\ListasDemo.Android\ListasDemo.Android.csproj", "{D4B4D842-D97A-48D5-AFBF-4657272DB795}"
EndProject
Project("{FAE04EC0-301F-11D3-BF4B-00C04F79EFBC}") = "ListasDemo.iOS", "ListasDemo\ListasDemo.iOS\ListasDemo.iOS.csproj", "{29A19723-14F2-406F-9812-CAB2C1AA03C5}"
EndProject
Project("{FAE04EC0-301F-11D3-BF4B-00C04F79EFBC}") = "ListasDemo", "ListasDemo\ListasDemo\ListasDemo.csproj", "{BB177856-A73E-487B-B2BD-76324662520E}"
EndProject
Global
	GlobalSection(SolutionConfigurationPlatforms) = preSolution
		Debug|Any CPU = Debug|Any CPU
		Debug|ARM = Debug|ARM
		Debug|iPhone = Debug|iPhone
		Debug|iPhoneSimulator = Debug|iPhoneSimulator
		Debug|x64 = Debug|x64
		Debug|x86 = Debug|x86
		Release|Any CPU = Release|Any CPU
		Release|ARM = Release|ARM
		Release|iPhone = Release|iPhone
		Release|iPhoneSimulator = Release|iPhoneSimulator
		Release|x64 = Release|x64
		Release|x86 = Release|x86
	EndGlobalSection
	GlobalSection(ProjectConfigurationPlatforms) = postSolution
		{A832A4A6-6564-485D-BEFF-BB181C8DC246}.Debug|Any CPU.ActiveCfg = Debug|x86
		{A832A4A6-6564-485D-BEFF-BB181C8DC246}.Debug|Any CPU.Build.0 = Debug|x86
		{A832A4A6-6564-485D-BEFF-BB181C8DC246}.Debug|Any CPU.Deploy.0 = Debug|x86
		{A832A4A6-6564-485D-BEFF-BB181C8DC246}.Debug|ARM.ActiveCfg = Debug|ARM
		{A832A4A6-6564-485D-BEFF-BB181C8DC246}.Debug|ARM.Build.0 = Debug|ARM
		{A832A4A6-6564-485D-BEFF-BB181C8DC246}.Debug|ARM.Deploy.0 = Debug|ARM
		{A832A4A6-6564-485D-BEFF-BB181C8DC246}.Debug|iPhone.ActiveCfg = Debug|x86
		{A832A4A6-6564-485D-BEFF-BB181C8DC246}.Debug|iPhone.Build.0 = Debug|x86
		{A832A4A6-6564-485D-BEFF-BB181C8DC246}.Debug|iPhone.Deploy.0 = Debug|x86
		{A832A4A6-6564-485D-BEFF-BB181C8DC246}.Debug|iPhoneSimulator.ActiveCfg = Debug|x86
		{A832A4A6-6564-485D-BEFF-BB181C8DC246}.Debug|iPhoneSimulator.Build.0 = Debug|x86
		{A832A4A6-6564-485D-BEFF-BB181C8DC246}.Debug|iPhoneSimulator.Deploy.0 = Debug|x86
		{A832A4A6-6564-485D-BEFF-BB181C8DC246}.Debug|x64.ActiveCfg = Debug|x64
		{A832A4A6-6564-485D-BEFF-BB181C8DC246}.Debug|x64.Build.0 = Debug|x64
		{A832A4A6-6564-485D-BEFF-BB181C8DC246}.Debug|x64.Deploy.0 = Debug|x64
		{A832A4A6-6564-485D-BEFF-BB181C8DC246}.Debug|x86.ActiveCfg = Debug|x86
		{A832A4A6-6564-485D-BEFF-BB181C8DC246}.Debug|x86.Build.0 = Debug|x86
		{A832A4A6-6564-485D-BEFF-BB181C8DC246}.Debug|x86.Deploy.0 = Debug|x86
		{A832A4A6-6564-485D-BEFF-BB181C8DC246}.Release|Any CPU.ActiveCfg = Release|x86
		{A832A4A6-6564-485D-BEFF-BB181C8DC246}.Release|Any CPU.Build.0 = Release|x86
		{A832A4A6-6564-485D-BEFF-BB181C8DC246}.Release|Any CPU.Deploy.0 = Release|x86
		{A832A4A6-6564-485D-BEFF-BB181C8DC246}.Release|ARM.ActiveCfg = Release|ARM
		{A832A4A6-6564-485D-BEFF-BB181C8DC246}.Release|ARM.Build.0 = Release|ARM
		{A832A4A6-6564-485D-BEFF-BB181C8DC246}.Release|ARM.Deploy.0 = Release|ARM
		{A832A4A6-6564-485D-BEFF-BB181C8DC246}.Release|iPhone.ActiveCfg = Release|x86
		{A832A4A6-6564-485D-BEFF-BB181C8DC246}.Release|iPhone.Build.0 = Release|x86
		{A832A4A6-6564-485D-BEFF-BB181C8DC246}.Release|iPhone.Deploy.0 = Release|x86
		{A832A4A6-6564-485D-BEFF-BB181C8DC246}.Release|iPhoneSimulator.ActiveCfg = Release|x86
		{A832A4A6-6564-485D-BEFF-BB181C8DC246}.Release|iPhoneSimulator.Build.0 = Release|x86
		{A832A4A6-6564-485D-BEFF-BB181C8DC246}.Release|iPhoneSimulator.Deploy.0 = Release|x86
		{A832A4A6-6564-485D-BEFF-BB181C8DC246}.Release|x64.ActiveCfg = Release|x64
		{A832A4A6-6564-485D-BEFF-BB181C8DC246}.Release|x64.Build.0 = Release|x64
		{A832A4A6-6564-485D-BEFF-BB181C8DC246}.Release|x64.Deploy.0 = Release|x64
		{A832A4A6-6564-485D-BEFF-BB181C8DC246}.Release|x86.ActiveCfg = Release|x86
		{A832A4A6-6564-485D-BEFF-BB181C8DC246}.Release|x86.Build.0 = Release|x86
		{A832A4A6-6564-485D-BEFF-BB181C8DC246}.Release|x86.Deploy.0 = Release|x86
		{D4B4D842-D97A-48D5-AFBF-4657272DB795}.Debug|Any CPU.ActiveCfg = Debug|Any CPU
		{D4B4D842-D97A-48D5-AFBF-4657272DB795}.Debug|Any CPU.Build.0 = Debug|Any CPU
		{D4B4D842-D97A-48D5-AFBF-4657272DB795}.Debug|Any CPU.Deploy.0 = Debug|Any CPU
		{D4B4D842-D97A-48D5-AFBF-4657272DB795}.Debug|ARM.ActiveCfg = Debug|Any CPU
		{D4B4D842-D97A-48D5-AFBF-4657272DB795}.Debug|ARM.Build.0 = Debug|Any CPU
		{D4B4D842-D97A-48D5-AFBF-4657272DB795}.Debug|ARM.Deploy.0 = Debug|Any CPU
		{D4B4D842-D97A-48D5-AFBF-4657272DB795}.Debug|iPhone.ActiveCfg = Debug|Any CPU
		{D4B4D842-D97A-48D5-AFBF-4657272DB795}.Debug|iPhone.Build.0 = Debug|Any CPU
		{D4B4D842-D97A-48D5-AFBF-4657272DB795}.Debug|iPhone.Deploy.0 = Debug|Any CPU
		{D4B4D842-D97A-48D5-AFBF-4657272DB795}.Debug|iPhoneSimulator.ActiveCfg = Debug|Any CPU
		{D4B4D842-D97A-48D5-AFBF-4657272DB795}.Debug|iPhoneSimulator.Build.0 = Debug|Any CPU
		{D4B4D842-D97A-48D5-AFBF-4657272DB795}.Debug|iPhoneSimulator.Deploy.0 = Debug|Any CPU
		{D4B4D842-D97A-48D5-AFBF-4657272DB795}.Debug|x64.ActiveCfg = Debug|Any CPU
		{D4B4D842-D97A-48D5-AFBF-4657272DB795}.Debug|x64.Build.0 = Debug|Any CPU
		{D4B4D842-D97A-48D5-AFBF-4657272DB795}.Debug|x64.Deploy.0 = Debug|Any CPU
		{D4B4D842-D97A-48D5-AFBF-4657272DB795}.Debug|x86.ActiveCfg = Debug|Any CPU
		{D4B4D842-D97A-48D5-AFBF-4657272DB795}.Debug|x86.Build.0 = Debug|Any CPU
		{D4B4D842-D97A-48D5-AFBF-4657272DB795}.Debug|x86.Deploy.0 = Debug|Any CPU
		{D4B4D842-D97A-48D5-AFBF-4657272DB795}.Release|Any CPU.ActiveCfg = Release|Any CPU
		{D4B4D842-D97A-48D5-AFBF-4657272DB795}.Release|Any CPU.Build.0 = Release|Any CPU
		{D4B4D842-D97A-48D5-AFBF-4657272DB795}.Release|Any CPU.Deploy.0 = Release|Any CPU
		{D4B4D842-D97A-48D5-AFBF-4657272DB795}.Release|ARM.ActiveCfg = Release|Any CPU
		{D4B4D842-D97A-48D5-AFBF-4657272DB795}.Release|ARM.Build.0 = Release|Any CPU
		{D4B4D842-D97A-48D5-AFBF-4657272DB795}.Release|ARM.Deploy.0 = Release|Any CPU
		{D4B4D842-D97A-48D5-AFBF-4657272DB795}.Release|iPhone.ActiveCfg = Release|Any CPU
		{D4B4D842-D97A-48D5-AFBF-4657272DB795}.Release|iPhone.Build.0 = Release|Any CPU
		{D4B4D842-D97A-48D5-AFBF-4657272DB795}.Release|iPhone.Deploy.0 = Release|Any CPU
		{D4B4D842-D97A-48D5-AFBF-4657272DB795}.Release|iPhoneSimulator.ActiveCfg = Release|Any CPU
		{D4B4D842-D97A-48D5-AFBF-4657272DB795}.Release|iPhoneSimulator.Build.0 = Release|Any CPU
		{D4B4D842-D97A-48D5-AFBF-4657272DB795}.Release|iPhoneSimulator.Deploy.0 = Release|Any CPU
		{D4B4D842-D97A-48D5-AFBF-4657272DB795}.Release|x64.ActiveCfg = Release|Any CPU
		{D4B4D842-D97A-48D5-AFBF-4657272DB795}.Release|x64.Build.0 = Release|Any CPU
		{D4B4D842-D97A-48D5-AFBF-4657272DB795}.Release|x64.Deploy.0 = Release|Any CPU
		{D4B4D842-D97A-48D5-AFBF-4657272DB795}.Release|x86.ActiveCfg = Release|Any CPU
		{D4B4D842-D97A-48D5-AFBF-4657272DB795}.Release|x86.Build.0 = Release|Any CPU
		{D4B4D842-D97A-48D5-AFBF-4657272DB795}.Release|x86.Deploy.0 = Release|Any CPU
		{29A19723-14F2-406F-9812-CAB2C1AA03C5}.Debug|Any CPU.ActiveCfg = Debug|iPhone
		{29A19723-14F2-406F-9812-CAB2C1AA03C5}.Debug|Any CPU.Build.0 = Debug|iPhone
		{29A19723-14F2-406F-9812-CAB2C1AA03C5}.Debug|Any CPU.Deploy.0 = Debug|iPhone
		{29A19723-14F2-406F-9812-CAB2C1AA03C5}.Debug|ARM.ActiveCfg = Debug|iPhone
		{29A19723-14F2-406F-9812-CAB2C1AA03C5}.Debug|ARM.Build.0 = Debug|iPhone
		{29A19723-14F2-406F-9812-CAB2C1AA03C5}.Debug|ARM.Deploy.0 = Debug|iPhone
		{29A19723-14F2-406F-9812-CAB2C1AA03C5}.Debug|iPhone.ActiveCfg = Debug|iPhone
		{29A19723-14F2-406F-9812-CAB2C1AA03C5}.Debug|iPhone.Build.0 = Debug|iPhone
		{29A19723-14F2-406F-9812-CAB2C1AA03C5}.Debug|iPhone.Deploy.0 = Debug|iPhone
		{29A19723-14F2-406F-9812-CAB2C1AA03C5}.Debug|iPhoneSimulator.ActiveCfg = Debug|iPhoneSimulator
		{29A19723-14F2-406F-9812-CAB2C1AA03C5}.Debug|iPhoneSimulator.Build.0 = Debug|iPhoneSimulator
		{29A19723-14F2-406F-9812-CAB2C1AA03C5}.Debug|iPhoneSimulator.Deploy.0 = Debug|iPhoneSimulator
		{29A19723-14F2-406F-9812-CAB2C1AA03C5}.Debug|x64.ActiveCfg = Debug|iPhone
		{29A19723-14F2-406F-9812-CAB2C1AA03C5}.Debug|x64.Build.0 = Debug|iPhone
		{29A19723-14F2-406F-9812-CAB2C1AA03C5}.Debug|x64.Deploy.0 = Debug|iPhone
		{29A19723-14F2-406F-9812-CAB2C1AA03C5}.Debug|x86.ActiveCfg = Debug|iPhone
		{29A19723-14F2-406F-9812-CAB2C1AA03C5}.Debug|x86.Build.0 = Debug|iPhone
		{29A19723-14F2-406F-9812-CAB2C1AA03C5}.Debug|x86.Deploy.0 = Debug|iPhone
		{29A19723-14F2-406F-9812-CAB2C1AA03C5}.Release|Any CPU.ActiveCfg = Release|iPhone
		{29A19723-14F2-406F-9812-CAB2C1AA03C5}.Release|Any CPU.Build.0 = Release|iPhone
		{29A19723-14F2-406F-9812-CAB2C1AA03C5}.Release|Any CPU.Deploy.0 = Release|iPhone
		{29A19723-14F2-406F-9812-CAB2C1AA03C5}.Release|ARM.ActiveCfg = Release|iPhone
		{29A19723-14F2-406F-9812-CAB2C1AA03C5}.Release|ARM.Build.0 = Release|iPhone
		{29A19723-14F2-406F-9812-CAB2C1AA03C5}.Release|ARM.Deploy.0 = Release|iPhone
		{29A19723-14F2-406F-9812-CAB2C1AA03C5}.Release|iPhone.ActiveCfg = Release|iPhone
		{29A19723-14F2-406F-9812-CAB2C1AA03C5}.Release|iPhone.Build.0 = Release|iPhone
		{29A19723-14F2-406F-9812-CAB2C1AA03C5}.Release|iPhone.Deploy.0 = Release|iPhone
		{29A19723-14F2-406F-9812-CAB2C1AA03C5}.Release|iPhoneSimulator.ActiveCfg = Release|iPhoneSimulator
		{29A19723-14F2-406F-9812-CAB2C1AA03C5}.Release|iPhoneSimulator.Build.0 = Release|iPhoneSimulator
		{29A19723-14F2-406F-9812-CAB2C1AA03C5}.Release|iPhoneSimulator.Deploy.0 = Release|iPhoneSimulator
		{29A19723-14F2-406F-9812-CAB2C1AA03C5}.Release|x64.ActiveCfg = Release|iPhone
		{29A19723-14F2-406F-9812-CAB2C1AA03C5}.Release|x64.Build.0 = Release|iPhone
		{29A19723-14F2-406F-9812-CAB2C1AA03C5}.Release|x64.Deploy.0 = Release|iPhone
		{29A19723-14F2-406F-9812-CAB2C1AA03C5}.Release|x86.ActiveCfg = Release|iPhone
		{29A19723-14F2-406F-9812-CAB2C1AA03C5}.Release|x86.Build.0 = Release|iPhone
		{29A19723-14F2-406F-9812-CAB2C1AA03C5}.Release|x86.Deploy.0 = Release|iPhone
		{BB177856-A73E-487B-B2BD-76324662520E}.Debug|Any CPU.ActiveCfg = Debug|Any CPU
		{BB177856-A73E-487B-B2BD-76324662520E}.Debug|Any CPU.Build.0 = Debug|Any CPU
		{BB177856-A73E-487B-B2BD-76324662520E}.Debug|Any CPU.Deploy.0 = Debug|Any CPU
		{BB177856-A73E-487B-B2BD-76324662520E}.Debug|ARM.ActiveCfg = Debug|Any CPU
		{BB177856-A73E-487B-B2BD-76324662520E}.Debug|ARM.Build.0 = Debug|Any CPU
		{BB177856-A73E-487B-B2BD-76324662520E}.Debug|ARM.Deploy.0 = Debug|Any CPU
		{BB177856-A73E-487B-B2BD-76324662520E}.Debug|iPhone.ActiveCfg = Debug|Any CPU
		{BB177856-A73E-487B-B2BD-76324662520E}.Debug|iPhone.Build.0 = Debug|Any CPU
		{BB177856-A73E-487B-B2BD-76324662520E}.Debug|iPhone.Deploy.0 = Debug|Any CPU
		{BB177856-A73E-487B-B2BD-76324662520E}.Debug|iPhoneSimulator.ActiveCfg = Debug|Any CPU
		{BB177856-A73E-487B-B2BD-76324662520E}.Debug|iPhoneSimulator.Build.0 = Debug|Any CPU
		{BB177856-A73E-487B-B2BD-76324662520E}.Debug|iPhoneSimulator.Deploy.0 = Debug|Any CPU
		{BB177856-A73E-487B-B2BD-76324662520E}.Debug|x64.ActiveCfg = Debug|Any CPU
		{BB177856-A73E-487B-B2BD-76324662520E}.Debug|x64.Build.0 = Debug|Any CPU
		{BB177856-A73E-487B-B2BD-76324662520E}.Debug|x64.Deploy.0 = Debug|Any CPU
		{BB177856-A73E-487B-B2BD-76324662520E}.Debug|x86.ActiveCfg = Debug|Any CPU
		{BB177856-A73E-487B-B2BD-76324662520E}.Debug|x86.Build.0 = Debug|Any CPU
		{BB177856-A73E-487B-B2BD-76324662520E}.Debug|x86.Deploy.0 = Debug|Any CPU
		{BB177856-A73E-487B-B2BD-76324662520E}.Release|Any CPU.ActiveCfg = Release|Any CPU
		{BB177856-A73E-487B-B2BD-76324662520E}.Release|Any CPU.Build.0 = Release|Any CPU
		{BB177856-A73E-487B-B2BD-76324662520E}.Release|Any CPU.Deploy.0 = Release|Any CPU
		{BB177856-A73E-487B-B2BD-76324662520E}.Release|ARM.ActiveCfg = Release|Any CPU
		{BB177856-A73E-487B-B2BD-76324662520E}.Release|ARM.Build.0 = Release|Any CPU
		{BB177856-A73E-487B-B2BD-76324662520E}.Release|ARM.Deploy.0 = Release|Any CPU
		{BB177856-A73E-487B-B2BD-76324662520E}.Release|iPhone.ActiveCfg = Release|Any CPU
		{BB177856-A73E-487B-B2BD-76324662520E}.Release|iPhone.Build.0 = Release|Any CPU
		{BB177856-A73E-487B-B2BD-76324662520E}.Release|iPhone.Deploy.0 = Release|Any CPU
		{BB177856-A73E-487B-B2BD-76324662520E}.Release|iPhoneSimulator.ActiveCfg = Release|Any CPU
		{BB177856-A73E-487B-B2BD-76324662520E}.Release|iPhoneSimulator.Build.0 = Release|Any CPU
		{BB177856-A73E-487B-B2BD-76324662520E}.Release|iPhoneSimulator.Deploy.0 = Release|Any CPU
		{BB177856-A73E-487B-B2BD-76324662520E}.Release|x64.ActiveCfg = Release|Any CPU
		{BB177856-A73E-487B-B2BD-76324662520E}.Release|x64.Build.0 = Release|Any CPU
		{BB177856-A73E-487B-B2BD-76324662520E}.Release|x64.Deploy.0 = Release|Any CPU
		{BB177856-A73E-487B-B2BD-76324662520E}.Release|x86.ActiveCfg = Release|Any CPU
		{BB177856-A73E-487B-B2BD-76324662520E}.Release|x86.Build.0 = Release|Any CPU
		{BB177856-A73E-487B-B2BD-76324662520E}.Release|x86.Deploy.0 = Release|Any CPU
	EndGlobalSection
	GlobalSection(SolutionProperties) = preSolution
		HideSolutionNode = FALSE
	EndGlobalSection
	GlobalSection(ExtensibilityGlobals) = postSolution
		SolutionGuid = {5CDD16A6-F948-4F89-B2A3-F6507A207EAD}
	EndGlobalSection
EndGlobal
